
Microsoft Visual Studio Solution File, Format Version 12.00
# Visual Studio Version 17
VisualStudioVersion = 17.7.34221.43
MinimumVisualStudioVersion = 10.0.40219.1
Project("{FAE04EC0-301F-11D3-BF4B-00C04F79EFBC}") = "LCG_Random_numbers", "LCG_Random_numbers.csproj", "{659D971B-E099-48DE-B15C-7F467FCBB452}"
EndProject
Global
	GlobalSection(SolutionConfigurationPlatforms) = preSolution
		Debug|Any CPU = Debug|Any CPU
		Release|Any CPU = Release|Any CPU
	EndGlobalSection
	GlobalSection(ProjectConfigurationPlatforms) = postSolution
		{659D971B-E099-48DE-B15C-7F467FCBB452}.Debug|Any CPU.ActiveCfg = Debug|Any CPU
		{659D971B-E099-48DE-B15C-7F467FCBB452}.Debug|Any CPU.Build.0 = Debug|Any CPU
		{659D971B-E099-48DE-B15C-7F467FCBB452}.Release|Any CPU.ActiveCfg = Release|Any CPU
		{659D971B-E099-48DE-B15C-7F467FCBB452}.Release|Any CPU.Build.0 = Release|Any CPU
	EndGlobalSection
	GlobalSection(SolutionProperties) = preSolution
		HideSolutionNode = FALSE
	EndGlobalSection
	GlobalSection(ExtensibilityGlobals) = postSolution
		SolutionGuid = {78934D7C-CBC4-4075-9133-538E3707B4D0}
	EndGlobalSection
EndGlobal
